
Microsoft Visual Studio Solution File, Format Version 12.00
# Visual Studio Version 17
VisualStudioVersion = 17.13.35931.197 d17.13
MinimumVisualStudioVersion = 10.0.40219.1
Project("{FAE04EC0-301F-11D3-BF4B-00C04F79EFBC}") = "ASF.Logger", "ASF.Logger\ASF.Logger.csproj", "{D44FC4AE-E711-4932-BBE5-8A03CB4A0B08}"
EndProject
Global
	GlobalSection(SolutionConfigurationPlatforms) = preSolution
		Debug|Any CPU = Debug|Any CPU
		Release|Any CPU = Release|Any CPU
	EndGlobalSection
	GlobalSection(ProjectConfigurationPlatforms) = postSolution
		{D44FC4AE-E711-4932-BBE5-8A03CB4A0B08}.Debug|Any CPU.ActiveCfg = Debug|Any CPU
		{D44FC4AE-E711-4932-BBE5-8A03CB4A0B08}.Debug|Any CPU.Build.0 = Debug|Any CPU
		{D44FC4AE-E711-4932-BBE5-8A03CB4A0B08}.Release|Any CPU.ActiveCfg = Release|Any CPU
		{D44FC4AE-E711-4932-BBE5-8A03CB4A0B08}.Release|Any CPU.Build.0 = Release|Any CPU
	EndGlobalSection
	GlobalSection(SolutionProperties) = preSolution
		HideSolutionNode = FALSE
	EndGlobalSection
	GlobalSection(ExtensibilityGlobals) = postSolution
		SolutionGuid = {8CFFBCA1-8018-41AF-A9CB-36137EA98604}
	EndGlobalSection
EndGlobal
